lockfileVersion: 5.4

specifiers:
  '@types/fs-extra': ^9.0.13
  '@types/gradient-string': ^1.1.2
  '@types/lodash': ^4.14.189
  '@types/mkdirp': ^1.0.2
  '@types/node': ^18.11.9
  '@types/recursive-readdir': ^2.2.1
  '@types/uuid': ^8.3.4
  '@types/watchpack': ^2.4.0
  axios: ^1.1.3
  chalk: 5.1.2
  chokidar: ^3.5.3
  commander: ^9.4.1
  discord-api-types: ^0.37.18
  events: ^3.3.0
  find-up: ^6.3.0
  fs-extra: ^10.1.0
  gradient-string: ^2.0.2
  json5: ^2.2.1
  lodash: ^4.17.21
  mkdirp: ^1.0.4
  node-cache: ^5.1.2
  node-watch: ^0.7.3
  recursive-fs: ^2.1.0
  recursive-readdir: ^2.2.3
  rimraf: ^3.0.2
  rmdir: ^1.2.0
  tree-kill: ^1.2.2
  tsconfig: '*'
  tsconfig-paths: 4.1.0
  typescript: latest
  undici: ^5.12.0
  util: ^0.12.5
  uuid: ^9.0.0
  watchpack: ^2.4.0

devDependencies:
  '@types/fs-extra': 9.0.13
  '@types/gradient-string': 1.1.2
  '@types/lodash': 4.14.189
  '@types/mkdirp': 1.0.2
  '@types/node': 18.11.9
  '@types/recursive-readdir': 2.2.1
  '@types/uuid': 8.3.4
  '@types/watchpack': 2.4.0
  axios: 1.1.3
  chalk: 5.1.2
  chokidar: 3.5.3
  commander: 9.4.1
  discord-api-types: 0.37.18
  events: 3.3.0
  find-up: 6.3.0
  fs-extra: 10.1.0
  gradient-string: 2.0.2
  json5: 2.2.1
  lodash: 4.17.21
  mkdirp: 1.0.4
  node-cache: 5.1.2
  node-watch: 0.7.3
  recursive-fs: 2.1.0
  recursive-readdir: 2.2.3
  rimraf: 3.0.2
  rmdir: 1.2.0
  tree-kill: 1.2.2
  tsconfig: 7.0.0
  tsconfig-paths: 4.1.0
  typescript: 4.9.3
  undici: 5.12.0
  util: 0.12.5
  uuid: 9.0.0
  watchpack: 2.4.0

packages:
  /@types/fs-extra/9.0.13:
    resolution:
      {
        integrity: sha512-nEnwB++1u5lVDM2UI4c1+5R+FYaKfaAzS4OococimjVm3nQw3TuzH5UNsocrcTBbhnerblyHj4A49qXbIiZdpA==,
      }
    dependencies:
      '@types/node': 18.11.9
    dev: true

  /@types/graceful-fs/4.1.5:
    resolution:
      {
        integrity: sha512-anKkLmZZ+xm4p8JWBf4hElkM4XR+EZeA2M9BAkkTldmcyDY4mbdIJnRghDJH3Ov5ooY7/UAoENtmdMSkaAd7Cw==,
      }
    dependencies:
      '@types/node': 18.11.9
    dev: true

  /@types/gradient-string/1.1.2:
    resolution:
      {
        integrity: sha512-zIet2KvHr2dkOCPI5ggQQ+WJVyfBSFaqK9sNelhgDjlE2K3Fu2muuPJwu5aKM3xoWuc3WXudVEMUwI1QWhykEQ==,
      }
    dependencies:
      '@types/tinycolor2': 1.4.3
    dev: true

  /@types/lodash/4.14.189:
    resolution:
      {
        integrity: sha512-kb9/98N6X8gyME9Cf7YaqIMvYGnBSWqEci6tiettE6iJWH1XdJz/PO8LB0GtLCG7x8dU3KWhZT+lA1a35127tA==,
      }
    dev: true

  /@types/mkdirp/1.0.2:
    resolution:
      {
        integrity: sha512-o0K1tSO0Dx5X6xlU5F1D6625FawhC3dU3iqr25lluNv/+/QIVH8RLNEiVokgIZo+mz+87w/3Mkg/VvQS+J51fQ==,
      }
    dependencies:
      '@types/node': 18.11.9
    dev: true

  /@types/node/18.11.9:
    resolution:
      {
        integrity: sha512-CRpX21/kGdzjOpFsZSkcrXMGIBWMGNIHXXBVFSH+ggkftxg+XYP20TESbh+zFvFj3EQOl5byk0HTRn1IL6hbqg==,
      }
    dev: true

  /@types/recursive-readdir/2.2.1:
    resolution:
      {
        integrity: sha512-Xd+Ptc4/F2ueInqy5yK2FI5FxtwwbX2+VZpcg+9oYsFJVen8qQKGapCr+Bi5wQtHU1cTXT8s+07lo/nKPgu8Gg==,
      }
    dependencies:
      '@types/node': 18.11.9
    dev: true

  /@types/strip-bom/3.0.0:
    resolution:
      {
        integrity: sha512-xevGOReSYGM7g/kUBZzPqCrR/KYAo+F0yiPc85WFTJa0MSLtyFTVTU6cJu/aV4mid7IffDIWqo69THF2o4JiEQ==,
      }
    dev: true

  /@types/strip-json-comments/0.0.30:
    resolution:
      {
        integrity: sha512-7NQmHra/JILCd1QqpSzl8+mJRc8ZHz3uDm8YV1Ks9IhK0epEiTw8aIErbvH9PI+6XbqhyIQy3462nEsn7UVzjQ==,
      }
    dev: true

  /@types/tinycolor2/1.4.3:
    resolution:
      {
        integrity: sha512-Kf1w9NE5HEgGxCRyIcRXR/ZYtDv0V8FVPtYHwLxl0O+maGX0erE77pQlD0gpP+/KByMZ87mOA79SjifhSB3PjQ==,
      }
    dev: true

  /@types/uuid/8.3.4:
    resolution:
      {
        integrity: sha512-c/I8ZRb51j+pYGAu5CrFMRxqZ2ke4y2grEBO5AUjgSkSk+qT2Ea+OdWElz/OiMf5MNpn2b17kuVBwZLQJXzihw==,
      }
    dev: true

  /@types/watchpack/2.4.0:
    resolution:
      {
        integrity: sha512-PSAD+o9hezvfUFFzrYB/PO6Je7kwiZ2BSnB3/EZ9le+jTDKB6x5NJ96WWzQz1h/AyGJ/de3/1KpuBTkUFZm77A==,
      }
    dependencies:
      '@types/graceful-fs': 4.1.5
      '@types/node': 18.11.9
    dev: true

  /ansi-styles/4.3.0:
    resolution:
      {
        integrity: sha512-zbB9rCJAT1rbjiVDb2hqKFHNYLxgtk8NURxZ3IZwD3F6NtxbXZQCnnSi1Lkx+IDohdPlFp222wVALIheZJQSEg==,
      }
    engines: { node: '>=8' }
    dependencies:
      color-convert: 2.0.1
    dev: true

  /anymatch/3.1.2:
    resolution:
      {
        integrity: sha512-P43ePfOAIupkguHUycrc4qJ9kz8ZiuOUijaETwX7THt0Y/GNK7v0aa8rY816xWjZ7rJdA5XdMcpVFTKMq+RvWg==,
      }
    engines: { node: '>= 8' }
    dependencies:
      normalize-path: 3.0.0
      picomatch: 2.3.1
    dev: true

  /asynckit/0.4.0:
    resolution:
      {
        integrity: sha512-Oei9OH4tRh0YqU3GxhX79dM/mwVgvbZJaSNaRk+bshkj0S5cfHcgYakreBjrHwatXKbz+IoIdYLxrKim2MjW0Q==,
      }
    dev: true

  /available-typed-arrays/1.0.5:
    resolution:
      {
        integrity: sha512-DMD0KiN46eipeziST1LPP/STfDU0sufISXmjSgvVsoU2tqxctQeASejWcfNtxYKqETM1UxQ8sp2OrSBWpHY6sw==,
      }
    engines: { node: '>= 0.4' }
    dev: true

  /axios/1.1.3:
    resolution:
      {
        integrity: sha512-00tXVRwKx/FZr/IDVFt4C+f9FYairX517WoGCL6dpOntqLkZofjhu43F/Xl44UOpqa+9sLFDrG/XAnFsUYgkDA==,
      }
    dependencies:
      follow-redirects: 1.15.2
      form-data: 4.0.0
      proxy-from-env: 1.1.0
    transitivePeerDependencies:
      - debug
    dev: true

  /balanced-match/1.0.2:
    resolution:
      {
        integrity: sha512-3oSeUO0TMV67hN1AmbXsK4yaqU7tjiHlbxRDZOpH0KW9+CeX4bRAaX0Anxt0tx2MrpRpWwQaPwIlISEJhYU5Pw==,
      }
    dev: true

  /binary-extensions/2.2.0:
    resolution:
      {
        integrity: sha512-jDctJ/IVQbZoJykoeHbhXpOlNBqGNcwXJKJog42E5HDPUwQTSdjCHdihjj0DlnheQ7blbT6dHOafNAiS8ooQKA==,
      }
    engines: { node: '>=8' }
    dev: true

  /brace-expansion/1.1.11:
    resolution:
      {
        integrity: sha512-iCuPHDFgrHX7H2vEI/5xpz07zSHB00TpugqhmYtVmMO6518mCuRMoOYFldEBl0g187ufozdaHgWKcYFb61qGiA==,
      }
    dependencies:
      balanced-match: 1.0.2
      concat-map: 0.0.1
    dev: true

  /braces/3.0.2:
    resolution:
      {
        integrity: sha512-b8um+L1RzM3WDSzvhm6gIz1yfTbBt6YTlcEKAvsmqCZZFw46z626lVj9j1yEPW33H5H+lBQpZMP1k8l+78Ha0A==,
      }
    engines: { node: '>=8' }
    dependencies:
      fill-range: 7.0.1
    dev: true

  /busboy/1.6.0:
    resolution:
      {
        integrity: sha512-8SFQbg/0hQ9xy3UNTB0YEnsNBbWfhf7RtnzpL7TkBiTBRfrQ9Fxcnz7VJsleJpyp6rVLvXiuORqjlHi5q+PYuA==,
      }
    engines: { node: '>=10.16.0' }
    dependencies:
      streamsearch: 1.1.0
    dev: true

  /call-bind/1.0.2:
    resolution:
      {
        integrity: sha512-7O+FbCihrB5WGbFYesctwmTKae6rOiIzmz1icreWJ+0aA7LJfuqhEso2T9ncpcFtzMQtzXf2QGGueWJGTYsqrA==,
      }
    dependencies:
      function-bind: 1.1.1
      get-intrinsic: 1.1.3
    dev: true

  /chalk/4.1.2:
    resolution:
      {
        integrity: sha512-oKnbhFyRIXpUuez8iBMmyEa4nbj4IOQyuhc/wy9kY7/WVPcwIO9VA668Pu8RkO7+0G76SLROeyw9CpQ061i4mA==,
      }
    engines: { node: '>=10' }
    dependencies:
      ansi-styles: 4.3.0
      supports-color: 7.2.0
    dev: true

  /chalk/5.1.2:
    resolution:
      {
        integrity: sha512-E5CkT4jWURs1Vy5qGJye+XwCkNj7Od3Af7CP6SujMetSMkLs8Do2RWJK5yx1wamHV/op8Rz+9rltjaTQWDnEFQ==,
      }
    engines: { node: ^12.17.0 || ^14.13 || >=16.0.0 }
    dev: true

  /chokidar/3.5.3:
    resolution:
      {
        integrity: sha512-Dr3sfKRP6oTcjf2JmUmFJfeVMvXBdegxB0iVQ5eb2V10uFJUCAS8OByZdVAyVb8xXNz3GjjTgj9kLWsZTqE6kw==,
      }
    engines: { node: '>= 8.10.0' }
    dependencies:
      anymatch: 3.1.2
      braces: 3.0.2
      glob-parent: 5.1.2
      is-binary-path: 2.1.0
      is-glob: 4.0.3
      normalize-path: 3.0.0
      readdirp: 3.6.0
    optionalDependencies:
      fsevents: 2.3.2
    dev: true

  /clone/2.1.2:
    resolution:
      {
        integrity: sha512-3Pe/CF1Nn94hyhIYpjtiLhdCoEoz0DqQ+988E9gmeEdQZlojxnOb74wctFyuwWQHzqyf9X7C7MG8juUpqBJT8w==,
      }
    engines: { node: '>=0.8' }
    dev: true

  /color-convert/2.0.1:
    resolution:
      {
        integrity: sha512-RRECPsj7iu/xb5oKYcsFHSppFNnsj/52OVTRKb4zP5onXwVF3zVmmToNcOfGC+CRDpfK/U584fMg38ZHCaElKQ==,
      }
    engines: { node: '>=7.0.0' }
    dependencies:
      color-name: 1.1.4
    dev: true

  /color-name/1.1.4:
    resolution:
      {
        integrity: sha512-dOy+3AuW3a2wNbZHIuMZpTcgjGuLU/uBL/ubcZF9OXbDo8ff4O8yVp5Bf0efS8uEoYo5q4Fx7dY9OgQGXgAsQA==,
      }
    dev: true

  /combined-stream/1.0.8:
    resolution:
      {
        integrity: sha512-FQN4MRfuJeHf7cBbBMJFXhKSDq+2kAArBlmRBvcvFE5BB1HZKXtSFASDhdlz9zOYwxh8lDdnvmMOe/+5cdoEdg==,
      }
    engines: { node: '>= 0.8' }
    dependencies:
      delayed-stream: 1.0.0
    dev: true

  /commander/9.4.1:
    resolution:
      {
        integrity: sha512-5EEkTNyHNGFPD2H+c/dXXfQZYa/scCKasxWcXJaWnNJ99pnQN9Vnmqow+p+PlFPE63Q6mThaZws1T+HxfpgtPw==,
      }
    engines: { node: ^12.20.0 || >=14 }
    dev: true

  /concat-map/0.0.1:
    resolution:
      {
        integrity: sha512-/Srv4dswyQNBfohGpz9o6Yb3Gz3SrUDqBH5rTuhGR7ahtlbYKnVxw2bCFMRljaA7EXHaXZ8wsHdodFvbkhKmqg==,
      }
    dev: true

  /delayed-stream/1.0.0:
    resolution:
      {
        integrity: sha512-ZySD7Nf91aLB0RxL4KGrKHBXl7Eds1DAmEdcoVawXnLD7SDhpNgtuII2aAkg7a7QS41jxPSZ17p4VdGnMHk3MQ==,
      }
    engines: { node: '>=0.4.0' }
    dev: true

  /discord-api-types/0.37.18:
    resolution:
      {
        integrity: sha512-mJ+9C8gmG5csssVZPH06Y8IGiJykljFyZc6n6F+T3vKo6yNBI5TtLIbwt6t9hJzsR5f1ITzRZ6cuPrTvRCUxqA==,
      }
    dev: true

  /events/3.3.0:
    resolution:
      {
        integrity: sha512-mQw+2fkQbALzQ7V0MY0IqdnXNOeTtP4r0lN9z7AAawCXgqea7bDii20AYrIBrFd/Hx0M2Ocz6S111CaFkUcb0Q==,
      }
    engines: { node: '>=0.8.x' }
    dev: true

  /fill-range/7.0.1:
    resolution:
      {
        integrity: sha512-qOo9F+dMUmC2Lcb4BbVvnKJxTPjCm+RRpe4gDuGrzkL7mEVl/djYSu2OdQ2Pa302N4oqkSg9ir6jaLWJ2USVpQ==,
      }
    engines: { node: '>=8' }
    dependencies:
      to-regex-range: 5.0.1
    dev: true

  /find-up/6.3.0:
    resolution:
      {
        integrity: sha512-v2ZsoEuVHYy8ZIlYqwPe/39Cy+cFDzp4dXPaxNvkEuouymu+2Jbz0PxpKarJHYJTmv2HWT3O382qY8l4jMWthw==,
      }
    engines: { node: ^12.20.0 || ^14.13.1 || >=16.0.0 }
    dependencies:
      locate-path: 7.1.1
      path-exists: 5.0.0
    dev: true

  /follow-redirects/1.15.2:
    resolution:
      {
        integrity: sha512-VQLG33o04KaQ8uYi2tVNbdrWp1QWxNNea+nmIB4EVM28v0hmP17z7aG1+wAkNzVq4KeXTq3221ye5qTJP91JwA==,
      }
    engines: { node: '>=4.0' }
    peerDependencies:
      debug: '*'
    peerDependenciesMeta:
      debug:
        optional: true
    dev: true

  /for-each/0.3.3:
    resolution:
      {
        integrity: sha512-jqYfLp7mo9vIyQf8ykW2v7A+2N4QjeCeI5+Dz9XraiO1ign81wjiH7Fb9vSOWvQfNtmSa4H2RoQTrrXivdUZmw==,
      }
    dependencies:
      is-callable: 1.2.7
    dev: true

  /form-data/4.0.0:
    resolution:
      {
        integrity: sha512-ETEklSGi5t0QMZuiXoA/Q6vcnxcLQP5vdugSpuAyi6SVGi2clPPp+xgEhuMaHC+zGgn31Kd235W35f7Hykkaww==,
      }
    engines: { node: '>= 6' }
    dependencies:
      asynckit: 0.4.0
      combined-stream: 1.0.8
      mime-types: 2.1.35
    dev: true

  /fs-extra/10.1.0:
    resolution:
      {
        integrity: sha512-oRXApq54ETRj4eMiFzGnHWGy+zo5raudjuxN0b8H7s/RU2oW0Wvsx9O0ACRN/kRq9E8Vu/ReskGB5o3ji+FzHQ==,
      }
    engines: { node: '>=12' }
    dependencies:
      graceful-fs: 4.2.10
      jsonfile: 6.1.0
      universalify: 2.0.0
    dev: true

  /fs.realpath/1.0.0:
    resolution:
      {
        integrity: sha512-OO0pH2lK6a0hZnAdau5ItzHPI6pUlvI7jMVnxUQRtw4owF2wk8lOSabtGDCTP4Ggrg2MbGnWO9X8K1t4+fGMDw==,
      }
    dev: true

  /fsevents/2.3.2:
    resolution:
      {
        integrity: sha512-xiqMQR4xAeHTuB9uWm+fFRcIOgKBMiOBP+eXiyT7jsgVCq1bkVygt00oASowB7EdtpOHaaPgKt812P9ab+DDKA==,
      }
    engines: { node: ^8.16.0 || ^10.6.0 || >=11.0.0 }
    os: [darwin]
    requiresBuild: true
    dev: true
    optional: true

  /function-bind/1.1.1:
    resolution:
      {
        integrity: sha512-yIovAzMX49sF8Yl58fSCWJ5svSLuaibPxXQJFLmBObTuCr0Mf1KiPopGM9NiFjiYBCbfaa2Fh6breQ6ANVTI0A==,
      }
    dev: true

  /get-intrinsic/1.1.3:
    resolution:
      {
        integrity: sha512-QJVz1Tj7MS099PevUG5jvnt9tSkXN8K14dxQlikJuPt4uD9hHAHjLyLBiLR5zELelBdD9QNRAXZzsJx0WaDL9A==,
      }
    dependencies:
      function-bind: 1.1.1
      has: 1.0.3
      has-symbols: 1.0.3
    dev: true

  /glob-parent/5.1.2:
    resolution:
      {
        integrity: sha512-AOIgSQCepiJYwP3ARnGx+5VnTu2HBYdzbGP45eLw1vr3zB3vZLeyed1sC9hnbcOc9/SrMyM5RPQrkGz4aS9Zow==,
      }
    engines: { node: '>= 6' }
    dependencies:
      is-glob: 4.0.3
    dev: true

  /glob-to-regexp/0.4.1:
    resolution:
      {
        integrity: sha512-lkX1HJXwyMcprw/5YUZc2s7DrpAiHB21/V+E1rHUrVNokkvB6bqMzT0VfV6/86ZNabt1k14YOIaT7nDvOX3Iiw==,
      }
    dev: true

  /glob/7.2.3:
    resolution:
      {
        integrity: sha512-nFR0zLpU2YCaRxwoCJvL6UvCH2JFyFVIvwTLsIf21AuHlMskA1hhTdk+LlYJtOlYt9v6dvszD2BGRqBL+iQK9Q==,
      }
    dependencies:
      fs.realpath: 1.0.0
      inflight: 1.0.6
      inherits: 2.0.4
      minimatch: 3.1.2
      once: 1.4.0
      path-is-absolute: 1.0.1
    dev: true

  /gopd/1.0.1:
    resolution:
      {
        integrity: sha512-d65bNlIadxvpb/A2abVdlqKqV563juRnZ1Wtk6s1sIR8uNsXR70xqIzVqxVf1eTqDunwT2MkczEeaezCKTZhwA==,
      }
    dependencies:
      get-intrinsic: 1.1.3
    dev: true

  /graceful-fs/4.2.10:
    resolution:
      {
        integrity: sha512-9ByhssR2fPVsNZj478qUUbKfmL0+t5BDVyjShtyZZLiK7ZDAArFFfopyOTj0M05wE2tJPisA4iTnnXl2YoPvOA==,
      }
    dev: true

  /gradient-string/2.0.2:
    resolution:
      {
        integrity: sha512-rEDCuqUQ4tbD78TpzsMtt5OIf0cBCSDWSJtUDaF6JsAh+k0v9r++NzxNEG87oDZx9ZwGhD8DaezR2L/yrw0Jdw==,
      }
    engines: { node: '>=10' }
    dependencies:
      chalk: 4.1.2
      tinygradient: 1.1.5
    dev: true

  /has-flag/4.0.0:
    resolution:
      {
        integrity: sha512-EykJT/Q1KjTWctppgIAgfSO0tKVuZUjhgMr17kqTumMl6Afv3EISleU7qZUzoXDFTAHTDC4NOoG/ZxU3EvlMPQ==,
      }
    engines: { node: '>=8' }
    dev: true

  /has-symbols/1.0.3:
    resolution:
      {
        integrity: sha512-l3LCuF6MgDNwTDKkdYGEihYjt5pRPbEg46rtlmnSPlUbgmB8LOIrKJbYYFBSbnPaJexMKtiPO8hmeRjRz2Td+A==,
      }
    engines: { node: '>= 0.4' }
    dev: true

  /has-tostringtag/1.0.0:
    resolution:
      {
        integrity: sha512-kFjcSNhnlGV1kyoGk7OXKSawH5JOb/LzUc5w9B02hOTO0dfFRjbHQKvg1d6cf3HbeUmtU9VbbV3qzZ2Teh97WQ==,
      }
    engines: { node: '>= 0.4' }
    dependencies:
      has-symbols: 1.0.3
    dev: true

  /has/1.0.3:
    resolution:
      {
        integrity: sha512-f2dvO0VU6Oej7RkWJGrehjbzMAjFp5/VKPp5tTpWIV4JHHZK1/BxbFRtf/siA2SWTe09caDmVtYYzWEIbBS4zw==,
      }
    engines: { node: '>= 0.4.0' }
    dependencies:
      function-bind: 1.1.1
    dev: true

  /inflight/1.0.6:
    resolution:
      {
        integrity: sha512-k92I/b08q4wvFscXCLvqfsHCrjrF7yiXsQuIVvVE7N82W3+aqpzuUdBbfhWcy/FZR3/4IgflMgKLOsvPDrGCJA==,
      }
    dependencies:
      once: 1.4.0
      wrappy: 1.0.2
    dev: true

  /inherits/2.0.4:
    resolution:
      {
        integrity: sha512-k/vGaX4/Yla3WzyMCvTQOXYeIHvqOKtnqBduzTHpzpQZzAskKMhZ2K+EnBiSM9zGSoIFeMpXKxa4dYeZIQqewQ==,
      }
    dev: true

  /is-arguments/1.1.1:
    resolution:
      {
        integrity: sha512-8Q7EARjzEnKpt/PCD7e1cgUS0a6X8u5tdSiMqXhojOdoV9TsMsiO+9VLC5vAmO8N7/GmXn7yjR8qnA6bVAEzfA==,
      }
    engines: { node: '>= 0.4' }
    dependencies:
      call-bind: 1.0.2
      has-tostringtag: 1.0.0
    dev: true

  /is-binary-path/2.1.0:
    resolution:
      {
        integrity: sha512-ZMERYes6pDydyuGidse7OsHxtbI7WVeUEozgR/g7rd0xUimYNlvZRE/K2MgZTjWy725IfelLeVcEM97mmtRGXw==,
      }
    engines: { node: '>=8' }
    dependencies:
      binary-extensions: 2.2.0
    dev: true

  /is-callable/1.2.7:
    resolution:
      {
        integrity: sha512-1BC0BVFhS/p0qtw6enp8e+8OD0UrK0oFLztSjNzhcKA3WDuJxxAPXzPuPtKkjEY9UUoEWlX/8fgKeu2S8i9JTA==,
      }
    engines: { node: '>= 0.4' }
    dev: true

  /is-extglob/2.1.1:
    resolution:
      {
        integrity: sha512-SbKbANkN603Vi4jEZv49LeVJMn4yGwsbzZworEoyEiutsN3nJYdbO36zfhGJ6QEDpOZIFkDtnq5JRxmvl3jsoQ==,
      }
    engines: { node: '>=0.10.0' }
    dev: true

  /is-generator-function/1.0.10:
    resolution:
      {
        integrity: sha512-jsEjy9l3yiXEQ+PsXdmBwEPcOxaXWLspKdplFUVI9vq1iZgIekeC0L167qeu86czQaxed3q/Uzuw0swL0irL8A==,
      }
    engines: { node: '>= 0.4' }
    dependencies:
      has-tostringtag: 1.0.0
    dev: true

  /is-glob/4.0.3:
    resolution:
      {
        integrity: sha512-xelSayHH36ZgE7ZWhli7pW34hNbNl8Ojv5KVmkJD4hBdD3th8Tfk9vYasLM+mXWOZhFkgZfxhLSnrwRr4elSSg==,
      }
    engines: { node: '>=0.10.0' }
    dependencies:
      is-extglob: 2.1.1
    dev: true

  /is-number/7.0.0:
    resolution:
      {
        integrity: sha512-41Cifkg6e8TylSpdtTpeLVMqvSBEVzTttHvERD741+pnZ8ANv0004MRL43QKPDlK9cGvNp6NZWZUBlbGXYxxng==,
      }
    engines: { node: '>=0.12.0' }
    dev: true

  /is-typed-array/1.1.10:
    resolution:
      {
        integrity: sha512-PJqgEHiWZvMpaFZ3uTc8kHPM4+4ADTlDniuQL7cU/UDA0Ql7F70yGfHph3cLNe+c9toaigv+DFzTJKhc2CtO6A==,
      }
    engines: { node: '>= 0.4' }
    dependencies:
      available-typed-arrays: 1.0.5
      call-bind: 1.0.2
      for-each: 0.3.3
      gopd: 1.0.1
      has-tostringtag: 1.0.0
    dev: true

  /is/0.2.7:
    resolution:
      {
        integrity: sha512-ajQCouIvkcSnl2iRdK70Jug9mohIHVX9uKpoWnl115ov0R5mzBvRrXxrnHbsA+8AdwCwc/sfw7HXmd4I5EJBdQ==,
      }
    dev: true

  /json5/2.2.1:
    resolution:
      {
        integrity: sha512-1hqLFMSrGHRHxav9q9gNjJ5EXznIxGVO09xQRrwplcS8qs28pZ8s8hupZAmqDwZUmVZ2Qb2jnyPOWcDH8m8dlA==,
      }
    engines: { node: '>=6' }
    hasBin: true
    dev: true

  /jsonfile/6.1.0:
    resolution:
      {
        integrity: sha512-5dgndWOriYSm5cnYaJNhalLNDKOqFwyDB/rr1E9ZsGciGvKPs8R2xYGCacuf3z6K1YKDz182fd+fY3cn3pMqXQ==,
      }
    dependencies:
      universalify: 2.0.0
    optionalDependencies:
      graceful-fs: 4.2.10
    dev: true

  /locate-path/7.1.1:
    resolution:
      {
        integrity: sha512-vJXaRMJgRVD3+cUZs3Mncj2mxpt5mP0EmNOsxRSZRMlbqjvxzDEOIUWXGmavo0ZC9+tNZCBLQ66reA11nbpHZg==,
      }
    engines: { node: ^12.20.0 || ^14.13.1 || >=16.0.0 }
    dependencies:
      p-locate: 6.0.0
    dev: true

  /lodash/4.17.21:
    resolution:
      {
        integrity: sha512-v2kDEe57lecTulaDIuNTPy3Ry4gLGJ6Z1O3vE1krgXZNrsQ+LFTGHVxVjcXPs17LhbZVGedAJv8XZ1tvj5FvSg==,
      }
    dev: true

  /mime-db/1.52.0:
    resolution:
      {
        integrity: sha512-sPU4uV7dYlvtWJxwwxHD0PuihVNiE7TyAbQ5SWxDCB9mUYvOgroQOwYQQOKPJ8CIbE+1ETVlOoK1UC2nU3gYvg==,
      }
    engines: { node: '>= 0.6' }
    dev: true

  /mime-types/2.1.35:
    resolution:
      {
        integrity: sha512-ZDY+bPm5zTTF+YpCrAU9nK0UgICYPT0QtT1NZWFv4s++TNkcgVaT0g6+4R2uI4MjQjzysHB1zxuWL50hzaeXiw==,
      }
    engines: { node: '>= 0.6' }
    dependencies:
      mime-db: 1.52.0
    dev: true

  /minimatch/3.1.2:
    resolution:
      {
        integrity: sha512-J7p63hRiAjw1NDEww1W7i37+ByIrOWO5XQQAzZ3VOcL0PNybwpfmV/N05zFAzwQ9USyEcX6t3UO+K5aqBQOIHw==,
      }
    dependencies:
      brace-expansion: 1.1.11
    dev: true

  /minimist/1.2.7:
    resolution:
      {
        integrity: sha512-bzfL1YUZsP41gmu/qjrEk0Q6i2ix/cVeAhbCbqH9u3zYutS1cLg00qhrD0M2MVdCcx4Sc0UpP2eBWo9rotpq6g==,
      }
    dev: true

  /mkdirp/1.0.4:
    resolution:
      {
        integrity: sha512-vVqVZQyf3WLx2Shd0qJ9xuvqgAyKPLAiqITEtqW0oIUjzo3PePDd6fW9iFz30ef7Ysp/oiWqbhszeGWW2T6Gzw==,
      }
    engines: { node: '>=10' }
    hasBin: true
    dev: true

  /node-cache/5.1.2:
    resolution:
      {
        integrity: sha512-t1QzWwnk4sjLWaQAS8CHgOJ+RAfmHpxFWmc36IWTiWHQfs0w5JDMBS1b1ZxQteo0vVVuWJvIUKHDkkeK7vIGCg==,
      }
    engines: { node: '>= 8.0.0' }
    dependencies:
      clone: 2.1.2
    dev: true

  /node-watch/0.7.3:
    resolution:
      {
        integrity: sha512-3l4E8uMPY1HdMMryPRUAl+oIHtXtyiTlIiESNSVSNxcPfzAFzeTbXFQkZfAwBbo0B1qMSG8nUABx+Gd+YrbKrQ==,
      }
    engines: { node: '>=6' }
    dev: true

  /node.extend/1.0.8:
    resolution:
      {
        integrity: sha512-yvo/DZY0kijlDF192KqLX59/Yz0S5eUrV0GnRcjsoRXVqCGt7EVK+ONq3ZlijJvH/z/447qJaOeTgOGfyFQNPA==,
      }
    engines: { '0': node >= 0.4.0 }
    dependencies:
      is: 0.2.7
      object-keys: 0.4.0
    dev: true

  /node.flow/1.2.3:
    resolution:
      {
        integrity: sha512-f6bmAiB6wte7YTVWn5rWpz7Fh9OFHMmj8FwNkI3XnwIHRbg7H3nVncr1Kz8DnGS3idUFpRQ8D6lsecUAvjlqKA==,
      }
    engines: { '0': node >= 0.4.0 }
    dependencies:
      node.extend: 1.0.8
    dev: true

  /normalize-path/3.0.0:
    resolution:
      {
        integrity: sha512-6eZs5Ls3WtCisHWp9S2GUy8dqkpGi4BVSz3GaqiE6ezub0512ESztXUwUB6C6IKbQkY2Pnb/mD4WYojCRwcwLA==,
      }
    engines: { node: '>=0.10.0' }
    dev: true

  /object-keys/0.4.0:
    resolution:
      {
        integrity: sha512-ncrLw+X55z7bkl5PnUvHwFK9FcGuFYo9gtjws2XtSzL+aZ8tm830P60WJ0dSmFVaSalWieW5MD7kEdnXda9yJw==,
      }
    dev: true

  /once/1.4.0:
    resolution:
      {
        integrity: sha512-lNaJgI+2Q5URQBkccEKHTQOPaXdUxnZZElQTZY0MFUAuaEqe1E+Nyvgdz/aIyNi6Z9MzO5dv1H8n58/GELp3+w==,
      }
    dependencies:
      wrappy: 1.0.2
    dev: true

  /p-limit/4.0.0:
    resolution:
      {
        integrity: sha512-5b0R4txpzjPWVw/cXXUResoD4hb6U/x9BH08L7nw+GN1sezDzPdxeRvpc9c433fZhBan/wusjbCsqwqm4EIBIQ==,
      }
    engines: { node: ^12.20.0 || ^14.13.1 || >=16.0.0 }
    dependencies:
      yocto-queue: 1.0.0
    dev: true

  /p-locate/6.0.0:
    resolution:
      {
        integrity: sha512-wPrq66Llhl7/4AGC6I+cqxT07LhXvWL08LNXz1fENOw0Ap4sRZZ/gZpTTJ5jpurzzzfS2W/Ge9BY3LgLjCShcw==,
      }
    engines: { node: ^12.20.0 || ^14.13.1 || >=16.0.0 }
    dependencies:
      p-limit: 4.0.0
    dev: true

  /path-exists/5.0.0:
    resolution:
      {
        integrity: sha512-RjhtfwJOxzcFmNOi6ltcbcu4Iu+FL3zEj83dk4kAS+fVpTxXLO1b38RvJgT/0QwvV/L3aY9TAnyv0EOqW4GoMQ==,
      }
    engines: { node: ^12.20.0 || ^14.13.1 || >=16.0.0 }
    dev: true

  /path-is-absolute/1.0.1:
    resolution:
      {
        integrity: sha512-AVbw3UJ2e9bq64vSaS9Am0fje1Pa8pbGqTTsmXfaIiMpnr5DlDhfJOuLj9Sf95ZPVDAUerDfEk88MPmPe7UCQg==,
      }
    engines: { node: '>=0.10.0' }
    dev: true

  /picomatch/2.3.1:
    resolution:
      {
        integrity: sha512-JU3teHTNjmE2VCGFzuY8EXzCDVwEqB2a8fsIvwaStHhAWJEeVd1o1QD80CU6+ZdEXXSLbSsuLwJjkCBWqRQUVA==,
      }
    engines: { node: '>=8.6' }
    dev: true

  /proxy-from-env/1.1.0:
    resolution:
      {
        integrity: sha512-D+zkORCbA9f1tdWRK0RaCR3GPv50cMxcrz4X8k5LTSUD1Dkw47mKJEZQNunItRTkWwgtaUSo1RVFRIG9ZXiFYg==,
      }
    dev: true

  /readdirp/3.6.0:
    resolution:
      {
        integrity: sha512-hOS089on8RduqdbhvQ5Z37A0ESjsqz6qnRcffsMU3495FuTdqSm+7bhJ29JvIOsBDEEnan5DPu9t3To9VRlMzA==,
      }
    engines: { node: '>=8.10.0' }
    dependencies:
      picomatch: 2.3.1
    dev: true

  /recursive-fs/2.1.0:
    resolution:
      {
        integrity: sha512-oed3YruYsD52Mi16s/07eYblQOLi5dTtxpIJNdfCEJ7S5v8dDgVcycar0pRWf4IBuPMIkoctC8RTqGJzIKMNAQ==,
      }
    engines: { node: '>=10.0.0' }
    hasBin: true
    dev: true

  /recursive-readdir/2.2.3:
    resolution:
      {
        integrity: sha512-8HrF5ZsXk5FAH9dgsx3BlUer73nIhuj+9OrQwEbLTPOBzGkL1lsFCR01am+v+0m2Cmbs1nP12hLDl5FA7EszKA==,
      }
    engines: { node: '>=6.0.0' }
    dependencies:
      minimatch: 3.1.2
    dev: true

  /rimraf/3.0.2:
    resolution:
      {
        integrity: sha512-JZkJMZkAGFFPP2YqXZXPbMlMBgsxzE8ILs4lMIX/2o0L9UBw9O/Y3o6wFw/i9YLapcUJWwqbi3kdxIPdC62TIA==,
      }
    hasBin: true
    dependencies:
      glob: 7.2.3
    dev: true

  /rmdir/1.2.0:
    resolution:
      {
        integrity: sha512-nzZwoUqCVv00Z1YiRxledUM6MBSR2/Ij9ny6QsMJDl9nOAdwWD+Ak7FnVjHIKITdBZ8oqWpa71TrpiFOPCoKPw==,
      }
    engines: { '0': node >= 0.8.0 }
    dependencies:
      node.flow: 1.2.3
    dev: true

  /streamsearch/1.1.0:
    resolution:
      {
        integrity: sha512-Mcc5wHehp9aXz1ax6bZUyY5afg9u2rv5cqQI3mRrYkGC8rW2hM02jWuwjtL++LS5qinSyhj2QfLyNsuc+VsExg==,
      }
    engines: { node: '>=10.0.0' }
    dev: true

  /strip-bom/3.0.0:
    resolution:
      {
        integrity: sha512-vavAMRXOgBVNF6nyEEmL3DBK19iRpDcoIwW+swQ+CbGiu7lju6t+JklA1MHweoWtadgt4ISVUsXLyDq34ddcwA==,
      }
    engines: { node: '>=4' }
    dev: true

  /strip-json-comments/2.0.1:
    resolution:
      {
        integrity: sha512-4gB8na07fecVVkOI6Rs4e7T6NOTki5EmL7TUduTs6bu3EdnSycntVJ4re8kgZA+wx9IueI2Y11bfbgwtzuE0KQ==,
      }
    engines: { node: '>=0.10.0' }
    dev: true

  /supports-color/7.2.0:
    resolution:
      {
        integrity: sha512-qpCAvRl9stuOHveKsn7HncJRvv501qIacKzQlO/+Lwxc9+0q2wLyv4Dfvt80/DPn2pqOBsJdDiogXGR9+OvwRw==,
      }
    engines: { node: '>=8' }
    dependencies:
      has-flag: 4.0.0
    dev: true

  /tinycolor2/1.4.2:
    resolution:
      {
        integrity: sha512-vJhccZPs965sV/L2sU4oRQVAos0pQXwsvTLkWYdqJ+a8Q5kPFzJTuOFwy7UniPli44NKQGAglksjvOcpo95aZA==,
      }
    dev: true

  /tinygradient/1.1.5:
    resolution:
      {
        integrity: sha512-8nIfc2vgQ4TeLnk2lFj4tRLvvJwEfQuabdsmvDdQPT0xlk9TaNtpGd6nNRxXoK6vQhN6RSzj+Cnp5tTQmpxmbw==,
      }
    dependencies:
      '@types/tinycolor2': 1.4.3
      tinycolor2: 1.4.2
    dev: true

  /to-regex-range/5.0.1:
    resolution:
      {
        integrity: sha512-65P7iz6X5yEr1cwcgvQxbbIw7Uk3gOy5dIdtZ4rDveLqhrdJP+Li/Hx6tyK0NEb+2GCyneCMJiGqrADCSNk8sQ==,
      }
    engines: { node: '>=8.0' }
    dependencies:
      is-number: 7.0.0
    dev: true

  /tree-kill/1.2.2:
    resolution:
      {
        integrity: sha512-L0Orpi8qGpRG//Nd+H90vFB+3iHnue1zSSGmNOOCh1GLJ7rUKVwV2HvijphGQS2UmhUZewS9VgvxYIdgr+fG1A==,
      }
    hasBin: true
    dev: true

  /tsconfig-paths/4.1.0:
    resolution:
      {
        integrity: sha512-AHx4Euop/dXFC+Vx589alFba8QItjF+8hf8LtmuiCwHyI4rHXQtOOENaM8kvYf5fR0dRChy3wzWIZ9WbB7FWow==,
      }
    engines: { node: '>=6' }
    dependencies:
      json5: 2.2.1
      minimist: 1.2.7
      strip-bom: 3.0.0
    dev: true

  /tsconfig/7.0.0:
    resolution:
      {
        integrity: sha512-vZXmzPrL+EmC4T/4rVlT2jNVMWCi/O4DIiSj3UHg1OE5kCKbk4mfrXc6dZksLgRM/TZlKnousKH9bbTazUWRRw==,
      }
    dependencies:
      '@types/strip-bom': 3.0.0
      '@types/strip-json-comments': 0.0.30
      strip-bom: 3.0.0
      strip-json-comments: 2.0.1
    dev: true

  /typescript/4.9.3:
    resolution:
      {
        integrity: sha512-CIfGzTelbKNEnLpLdGFgdyKhG23CKdKgQPOBc+OUNrkJ2vr+KSzsSV5kq5iWhEQbok+quxgGzrAtGWCyU7tHnA==,
      }
    engines: { node: '>=4.2.0' }
    hasBin: true
    dev: true

  /undici/5.12.0:
    resolution:
      {
        integrity: sha512-zMLamCG62PGjd9HHMpo05bSLvvwWOZgGeiWlN/vlqu3+lRo3elxktVGEyLMX+IO7c2eflLjcW74AlkhEZm15mg==,
      }
    engines: { node: '>=12.18' }
    dependencies:
      busboy: 1.6.0
    dev: true

  /universalify/2.0.0:
    resolution:
      {
        integrity: sha512-hAZsKq7Yy11Zu1DE0OzWjw7nnLZmJZYTDZZyEFHZdUhV8FkH5MCfoU1XMaxXovpyW5nq5scPqq0ZDP9Zyl04oQ==,
      }
    engines: { node: '>= 10.0.0' }
    dev: true

  /util/0.12.5:
    resolution:
      {
        integrity: sha512-kZf/K6hEIrWHI6XqOFUiiMa+79wE/D8Q+NCNAWclkyg3b4d2k7s0QGepNjiABc+aR3N1PAyHL7p6UcLY6LmrnA==,
      }
    dependencies:
      inherits: 2.0.4
      is-arguments: 1.1.1
      is-generator-function: 1.0.10
      is-typed-array: 1.1.10
      which-typed-array: 1.1.9
    dev: true

  /uuid/9.0.0:
    resolution:
      {
        integrity: sha512-MXcSTerfPa4uqyzStbRoTgt5XIe3x5+42+q1sDuy3R5MDk66URdLMOZe5aPX/SQd+kuYAh0FdP/pO28IkQyTeg==,
      }
    hasBin: true
    dev: true

  /watchpack/2.4.0:
    resolution:
      {
        integrity: sha512-Lcvm7MGST/4fup+ifyKi2hjyIAwcdI4HRgtvTpIUxBRhB+RFtUh8XtDOxUfctVCnhVi+QQj49i91OyvzkJl6cg==,
      }
    engines: { node: '>=10.13.0' }
    dependencies:
      glob-to-regexp: 0.4.1
      graceful-fs: 4.2.10
    dev: true

  /which-typed-array/1.1.9:
    resolution:
      {
        integrity: sha512-w9c4xkx6mPidwp7180ckYWfMmvxpjlZuIudNtDf4N/tTAUB8VJbX25qZoAsrtGuYNnGw3pa0AXgbGKRB8/EceA==,
      }
    engines: { node: '>= 0.4' }
    dependencies:
      available-typed-arrays: 1.0.5
      call-bind: 1.0.2
      for-each: 0.3.3
      gopd: 1.0.1
      has-tostringtag: 1.0.0
      is-typed-array: 1.1.10
    dev: true

  /wrappy/1.0.2:
    resolution:
      {
        integrity: sha512-l4Sp/DRseor9wL6EvV2+TuQn63dMkPjZ/sp9XkghTEbV9KlPS1xUsZ3u7/IQO4wxtcFB4bgpQPRcR3QCvezPcQ==,
      }
    dev: true

  /yocto-queue/1.0.0:
    resolution:
      {
        integrity: sha512-9bnSc/HEW2uRy67wc+T8UwauLuPJVn28jb+GtJY16iiKWyvmYJRXVT4UamsAEGQfPohgr2q4Tq0sQbQlxTfi1g==,
      }
    engines: { node: '>=12.20' }
    dev: true
